
Microsoft Visual Studio Solution File, Format Version 12.00
# Visual Studio 15
Project("{FAE04EC0-301F-11D3-BF4B-00C04F79EFBC}") = "SteamVR", "SteamVR.csproj", "{C1030551-658E-2DA1-6741-9852345B5CD4}"
EndProject
Project("{FAE04EC0-301F-11D3-BF4B-00C04F79EFBC}") = "Assembly-CSharp", "Assembly-CSharp.csproj", "{FF1FF27D-CBFD-04F5-5FD0-915136AEA82C}"
EndProject
Project("{FAE04EC0-301F-11D3-BF4B-00C04F79EFBC}") = "SteamVR_Actions", "SteamVR_Actions.csproj", "{A4565477-29A1-5A5A-2C04-D604D36E52B7}"
EndProject
Project("{FAE04EC0-301F-11D3-BF4B-00C04F79EFBC}") = "SteamVR_Editor", "SteamVR_Editor.csproj", "{3D1B28FE-FB06-6CE8-2994-53CCEB4F373F}"
EndProject
Project("{FAE04EC0-301F-11D3-BF4B-00C04F79EFBC}") = "SteamVR_Input_Editor", "SteamVR_Input_Editor.csproj", "{BF9837E8-3772-9F61-A10D-10EC73FA7F61}"
EndProject
Project("{FAE04EC0-301F-11D3-BF4B-00C04F79EFBC}") = "SteamVR_Windows_EditorHelper", "SteamVR_Windows_EditorHelper.csproj", "{216C4C3D-53F1-F753-8D9D-DCEE4F27435C}"
EndProject
Global
	GlobalSection(SolutionConfigurationPlatforms) = preSolution
		Debug|Any CPU = Debug|Any CPU
		Release|Any CPU = Release|Any CPU
	EndGlobalSection
	GlobalSection(ProjectConfigurationPlatforms) = postSolution
		{C1030551-658E-2DA1-6741-9852345B5CD4}.Debug|Any CPU.ActiveCfg = Debug|Any CPU
		{C1030551-658E-2DA1-6741-9852345B5CD4}.Debug|Any CPU.Build.0 = Debug|Any CPU
		{C1030551-658E-2DA1-6741-9852345B5CD4}.Release|Any CPU.ActiveCfg = Release|Any CPU
		{C1030551-658E-2DA1-6741-9852345B5CD4}.Release|Any CPU.Build.0 = Release|Any CPU
		{FF1FF27D-CBFD-04F5-5FD0-915136AEA82C}.Debug|Any CPU.ActiveCfg = Debug|Any CPU
		{FF1FF27D-CBFD-04F5-5FD0-915136AEA82C}.Debug|Any CPU.Build.0 = Debug|Any CPU
		{FF1FF27D-CBFD-04F5-5FD0-915136AEA82C}.Release|Any CPU.ActiveCfg = Release|Any CPU
		{FF1FF27D-CBFD-04F5-5FD0-915136AEA82C}.Release|Any CPU.Build.0 = Release|Any CPU
		{A4565477-29A1-5A5A-2C04-D604D36E52B7}.Debug|Any CPU.ActiveCfg = Debug|Any CPU
		{A4565477-29A1-5A5A-2C04-D604D36E52B7}.Debug|Any CPU.Build.0 = Debug|Any CPU
		{A4565477-29A1-5A5A-2C04-D604D36E52B7}.Release|Any CPU.ActiveCfg = Release|Any CPU
		{A4565477-29A1-5A5A-2C04-D604D36E52B7}.Release|Any CPU.Build.0 = Release|Any CPU
		{3D1B28FE-FB06-6CE8-2994-53CCEB4F373F}.Debug|Any CPU.ActiveCfg = Debug|Any CPU
		{3D1B28FE-FB06-6CE8-2994-53CCEB4F373F}.Debug|Any CPU.Build.0 = Debug|Any CPU
		{3D1B28FE-FB06-6CE8-2994-53CCEB4F373F}.Release|Any CPU.ActiveCfg = Release|Any CPU
		{3D1B28FE-FB06-6CE8-2994-53CCEB4F373F}.Release|Any CPU.Build.0 = Release|Any CPU
		{BF9837E8-3772-9F61-A10D-10EC73FA7F61}.Debug|Any CPU.ActiveCfg = Debug|Any CPU
		{BF9837E8-3772-9F61-A10D-10EC73FA7F61}.Debug|Any CPU.Build.0 = Debug|Any CPU
		{BF9837E8-3772-9F61-A10D-10EC73FA7F61}.Release|Any CPU.ActiveCfg = Release|Any CPU
		{BF9837E8-3772-9F61-A10D-10EC73FA7F61}.Release|Any CPU.Build.0 = Release|Any CPU
		{216C4C3D-53F1-F753-8D9D-DCEE4F27435C}.Debug|Any CPU.ActiveCfg = Debug|Any CPU
		{216C4C3D-53F1-F753-8D9D-DCEE4F27435C}.Debug|Any CPU.Build.0 = Debug|Any CPU
		{216C4C3D-53F1-F753-8D9D-DCEE4F27435C}.Release|Any CPU.ActiveCfg = Release|Any CPU
		{216C4C3D-53F1-F753-8D9D-DCEE4F27435C}.Release|Any CPU.Build.0 = Release|Any CPU
	EndGlobalSection
	GlobalSection(SolutionProperties) = preSolution
		HideSolutionNode = FALSE
	EndGlobalSection
EndGlobal
